
Microsoft Visual Studio Solution File, Format Version 12.00
# Visual Studio 2013
VisualStudioVersion = 12.0.40629.0
MinimumVisualStudioVersion = 10.0.40219.1
Project("{8BC9CEB8-8B4A-11D0-8D11-00A0C91BC942}") = "DcmClient", "DcmClient\DcmClient.vcxproj", "{B12702AD-ABFB-343A-A199-8E24837244A3}"
	ProjectSection(ProjectDependencies) = postProject
		{485724CA-494B-421D-83E2-DC5293AECDAB} = {485724CA-494B-421D-83E2-DC5293AECDAB}
	EndProjectSection
EndProject
Project("{8BC9CEB8-8B4A-11D0-8D11-00A0C91BC942}") = "publiclib", "publiclib\publiclib.vcxproj", "{485724CA-494B-421D-83E2-DC5293AECDAB}"
EndProject
Project("{8BC9CEB8-8B4A-11D0-8D11-00A0C91BC942}") = "DcmClientUpdate", "DcmClientUpdate\DcmClientUpdate.vcxproj", "{6227A7F9-1BD4-4D0C-AC88-1AEE24DFE7B3}"
	ProjectSection(ProjectDependencies) = postProject
		{485724CA-494B-421D-83E2-DC5293AECDAB} = {485724CA-494B-421D-83E2-DC5293AECDAB}
	EndProjectSection
EndProject
Global
	GlobalSection(SolutionConfigurationPlatforms) = preSolution
		Debug|Win32 = Debug|Win32
		Release|Win32 = Release|Win32
	EndGlobalSection
	GlobalSection(ProjectConfigurationPlatforms) = postSolution
		{B12702AD-ABFB-343A-A199-8E24837244A3}.Debug|Win32.ActiveCfg = Debug|Win32
		{B12702AD-ABFB-343A-A199-8E24837244A3}.Debug|Win32.Build.0 = Debug|Win32
		{B12702AD-ABFB-343A-A199-8E24837244A3}.Release|Win32.ActiveCfg = Release|Win32
		{B12702AD-ABFB-343A-A199-8E24837244A3}.Release|Win32.Build.0 = Release|Win32
		{485724CA-494B-421D-83E2-DC5293AECDAB}.Debug|Win32.ActiveCfg = Debug|Win32
		{485724CA-494B-421D-83E2-DC5293AECDAB}.Debug|Win32.Build.0 = Debug|Win32
		{485724CA-494B-421D-83E2-DC5293AECDAB}.Release|Win32.ActiveCfg = Release|Win32
		{485724CA-494B-421D-83E2-DC5293AECDAB}.Release|Win32.Build.0 = Release|Win32
		{6227A7F9-1BD4-4D0C-AC88-1AEE24DFE7B3}.Debug|Win32.ActiveCfg = Debug|Win32
		{6227A7F9-1BD4-4D0C-AC88-1AEE24DFE7B3}.Debug|Win32.Build.0 = Debug|Win32
		{6227A7F9-1BD4-4D0C-AC88-1AEE24DFE7B3}.Release|Win32.ActiveCfg = Release|Win32
		{6227A7F9-1BD4-4D0C-AC88-1AEE24DFE7B3}.Release|Win32.Build.0 = Release|Win32
	EndGlobalSection
	GlobalSection(SolutionProperties) = preSolution
		HideSolutionNode = FALSE
	EndGlobalSection
EndGlobal
